
Microsoft Visual Studio Solution File, Format Version 12.00
# Visual Studio 15
VisualStudioVersion = 15.0.26430.16
MinimumVisualStudioVersion = 10.0.40219.1
Project("{FAE04EC0-301F-11D3-BF4B-00C04F79EFBC}") = "01. Person", "01. Person\01. Person.csproj", "{8B79F41D-DDC9-45A3-8CFA-AA3F7CAD8687}"
EndProject
Project("{FAE04EC0-301F-11D3-BF4B-00C04F79EFBC}") = "02. Book Shop", "02. Book Shop\02. Book Shop.csproj", "{F9A6C1DF-997A-46A3-858E-F82071317D6C}"
EndProject
Project("{FAE04EC0-301F-11D3-BF4B-00C04F79EFBC}") = "03. Mankind", "03. Mankind\03. Mankind.csproj", "{CD4346ED-CE07-4D30-AFA9-620E193190ED}"
EndProject
Global
	GlobalSection(SolutionConfigurationPlatforms) = preSolution
		Debug|Any CPU = Debug|Any CPU
		Release|Any CPU = Release|Any CPU
	EndGlobalSection
	GlobalSection(ProjectConfigurationPlatforms) = postSolution
		{8B79F41D-DDC9-45A3-8CFA-AA3F7CAD8687}.Debug|Any CPU.ActiveCfg = Debug|Any CPU
		{8B79F41D-DDC9-45A3-8CFA-AA3F7CAD8687}.Debug|Any CPU.Build.0 = Debug|Any CPU
		{8B79F41D-DDC9-45A3-8CFA-AA3F7CAD8687}.Release|Any CPU.ActiveCfg = Release|Any CPU
		{8B79F41D-DDC9-45A3-8CFA-AA3F7CAD8687}.Release|Any CPU.Build.0 = Release|Any CPU
		{F9A6C1DF-997A-46A3-858E-F82071317D6C}.Debug|Any CPU.ActiveCfg = Debug|Any CPU
		{F9A6C1DF-997A-46A3-858E-F82071317D6C}.Debug|Any CPU.Build.0 = Debug|Any CPU
		{F9A6C1DF-997A-46A3-858E-F82071317D6C}.Release|Any CPU.ActiveCfg = Release|Any CPU
		{F9A6C1DF-997A-46A3-858E-F82071317D6C}.Release|Any CPU.Build.0 = Release|Any CPU
		{CD4346ED-CE07-4D30-AFA9-620E193190ED}.Debug|Any CPU.ActiveCfg = Debug|Any CPU
		{CD4346ED-CE07-4D30-AFA9-620E193190ED}.Debug|Any CPU.Build.0 = Debug|Any CPU
		{CD4346ED-CE07-4D30-AFA9-620E193190ED}.Release|Any CPU.ActiveCfg = Release|Any CPU
		{CD4346ED-CE07-4D30-AFA9-620E193190ED}.Release|Any CPU.Build.0 = Release|Any CPU
	EndGlobalSection
	GlobalSection(SolutionProperties) = preSolution
		HideSolutionNode = FALSE
	EndGlobalSection
EndGlobal
