
Microsoft Visual Studio Solution File, Format Version 12.00
# Visual Studio 14
VisualStudioVersion = 14.0.25420.1
MinimumVisualStudioVersion = 10.0.40219.1
Project("{FAE04EC0-301F-11D3-BF4B-00C04F79EFBC}") = "Problem 1. Greeting", "Problem 1. Greeting\Problem 1. Greeting.csproj", "{5F6F8DDB-F340-429B-B2FA-81769CC4A34A}"
EndProject
Project("{FAE04EC0-301F-11D3-BF4B-00C04F79EFBC}") = "Problem 2. Add Two Numbers", "Problem 2. Add Two Numbers\Problem 2. Add Two Numbers.csproj", "{318BF09A-8FE0-4CCB-8893-4429BEA2136F}"
EndProject
Project("{FAE04EC0-301F-11D3-BF4B-00C04F79EFBC}") = "Problem 3. Employee Data", "Problem 3. Employee Data\Problem 3. Employee Data.csproj", "{B1F8ECAF-8C53-4108-AAB7-3E134503CC60}"
EndProject
Global
	GlobalSection(SolutionConfigurationPlatforms) = preSolution
		Debug|Any CPU = Debug|Any CPU
		Release|Any CPU = Release|Any CPU
	EndGlobalSection
	GlobalSection(ProjectConfigurationPlatforms) = postSolution
		{5F6F8DDB-F340-429B-B2FA-81769CC4A34A}.Debug|Any CPU.ActiveCfg = Debug|Any CPU
		{5F6F8DDB-F340-429B-B2FA-81769CC4A34A}.Debug|Any CPU.Build.0 = Debug|Any CPU
		{5F6F8DDB-F340-429B-B2FA-81769CC4A34A}.Release|Any CPU.ActiveCfg = Release|Any CPU
		{5F6F8DDB-F340-429B-B2FA-81769CC4A34A}.Release|Any CPU.Build.0 = Release|Any CPU
		{318BF09A-8FE0-4CCB-8893-4429BEA2136F}.Debug|Any CPU.ActiveCfg = Debug|Any CPU
		{318BF09A-8FE0-4CCB-8893-4429BEA2136F}.Debug|Any CPU.Build.0 = Debug|Any CPU
		{318BF09A-8FE0-4CCB-8893-4429BEA2136F}.Release|Any CPU.ActiveCfg = Release|Any CPU
		{318BF09A-8FE0-4CCB-8893-4429BEA2136F}.Release|Any CPU.Build.0 = Release|Any CPU
		{B1F8ECAF-8C53-4108-AAB7-3E134503CC60}.Debug|Any CPU.ActiveCfg = Debug|Any CPU
		{B1F8ECAF-8C53-4108-AAB7-3E134503CC60}.Debug|Any CPU.Build.0 = Debug|Any CPU
		{B1F8ECAF-8C53-4108-AAB7-3E134503CC60}.Release|Any CPU.ActiveCfg = Release|Any CPU
		{B1F8ECAF-8C53-4108-AAB7-3E134503CC60}.Release|Any CPU.Build.0 = Release|Any CPU
	EndGlobalSection
	GlobalSection(SolutionProperties) = preSolution
		HideSolutionNode = FALSE
	EndGlobalSection
EndGlobal
