
Microsoft Visual Studio Solution File, Format Version 12.00
# Visual Studio 15
VisualStudioVersion = 15.0.26430.16
MinimumVisualStudioVersion = 10.0.40219.1
Project("{FAE04EC0-301F-11D3-BF4B-00C04F79EFBC}") = "01. DefineAClassPerson", "EF Code First + OOP Intro Exercises\01. DefineAClassPerson.csproj", "{E21C6032-273A-4FCA-85F0-E7D787975BF9}"
EndProject
Project("{FAE04EC0-301F-11D3-BF4B-00C04F79EFBC}") = "02. Create Person Constructors", "02. Create Person Constructors\02. Create Person Constructors.csproj", "{40BDFB78-D1E7-46F2-BDA5-CFA573EF6E29}"
EndProject
Global
	GlobalSection(SolutionConfigurationPlatforms) = preSolution
		Debug|Any CPU = Debug|Any CPU
		Release|Any CPU = Release|Any CPU
	EndGlobalSection
	GlobalSection(ProjectConfigurationPlatforms) = postSolution
		{E21C6032-273A-4FCA-85F0-E7D787975BF9}.Debug|Any CPU.ActiveCfg = Debug|Any CPU
		{E21C6032-273A-4FCA-85F0-E7D787975BF9}.Debug|Any CPU.Build.0 = Debug|Any CPU
		{E21C6032-273A-4FCA-85F0-E7D787975BF9}.Release|Any CPU.ActiveCfg = Release|Any CPU
		{E21C6032-273A-4FCA-85F0-E7D787975BF9}.Release|Any CPU.Build.0 = Release|Any CPU
		{40BDFB78-D1E7-46F2-BDA5-CFA573EF6E29}.Debug|Any CPU.ActiveCfg = Debug|Any CPU
		{40BDFB78-D1E7-46F2-BDA5-CFA573EF6E29}.Debug|Any CPU.Build.0 = Debug|Any CPU
		{40BDFB78-D1E7-46F2-BDA5-CFA573EF6E29}.Release|Any CPU.ActiveCfg = Release|Any CPU
		{40BDFB78-D1E7-46F2-BDA5-CFA573EF6E29}.Release|Any CPU.Build.0 = Release|Any CPU
	EndGlobalSection
	GlobalSection(SolutionProperties) = preSolution
		HideSolutionNode = FALSE
	EndGlobalSection
EndGlobal
