
Microsoft Visual Studio Solution File, Format Version 12.00
# Visual Studio 15
VisualStudioVersion = 15.0.26430.16
MinimumVisualStudioVersion = 10.0.40219.1
Project("{FAE04EC0-301F-11D3-BF4B-00C04F79EFBC}") = "01. Define a class Person", "01. Define a class Person\01. Define a class Person.csproj", "{C59BC376-6C01-4ADE-9074-09EBF396CF95}"
EndProject
Project("{FAE04EC0-301F-11D3-BF4B-00C04F79EFBC}") = "02. Creating Constructors", "02. Creating Constructors\02. Creating Constructors.csproj", "{9E051724-12E4-41D2-8E15-CDC64EC47C68}"
EndProject
Project("{FAE04EC0-301F-11D3-BF4B-00C04F79EFBC}") = "03. Opinion Poll", "03. Opinion Poll\03. Opinion Poll.csproj", "{89AFA3A1-3BD0-4481-B8FE-258C30DD6D0F}"
EndProject
Project("{FAE04EC0-301F-11D3-BF4B-00C04F79EFBC}") = "04. Speed Racing", "04. Speed Racing\04. Speed Racing.csproj", "{D3DB8CAA-9C77-45CE-8CA0-7BC6CD787083}"
EndProject
Project("{FAE04EC0-301F-11D3-BF4B-00C04F79EFBC}") = "05. Company Roster", "05. Company Roster\05. Company Roster.csproj", "{982F73D7-0F97-43E1-A20F-C652747CB479}"
EndProject
Global
	GlobalSection(SolutionConfigurationPlatforms) = preSolution
		Debug|Any CPU = Debug|Any CPU
		Release|Any CPU = Release|Any CPU
	EndGlobalSection
	GlobalSection(ProjectConfigurationPlatforms) = postSolution
		{C59BC376-6C01-4ADE-9074-09EBF396CF95}.Debug|Any CPU.ActiveCfg = Debug|Any CPU
		{C59BC376-6C01-4ADE-9074-09EBF396CF95}.Debug|Any CPU.Build.0 = Debug|Any CPU
		{C59BC376-6C01-4ADE-9074-09EBF396CF95}.Release|Any CPU.ActiveCfg = Release|Any CPU
		{C59BC376-6C01-4ADE-9074-09EBF396CF95}.Release|Any CPU.Build.0 = Release|Any CPU
		{9E051724-12E4-41D2-8E15-CDC64EC47C68}.Debug|Any CPU.ActiveCfg = Debug|Any CPU
		{9E051724-12E4-41D2-8E15-CDC64EC47C68}.Debug|Any CPU.Build.0 = Debug|Any CPU
		{9E051724-12E4-41D2-8E15-CDC64EC47C68}.Release|Any CPU.ActiveCfg = Release|Any CPU
		{9E051724-12E4-41D2-8E15-CDC64EC47C68}.Release|Any CPU.Build.0 = Release|Any CPU
		{89AFA3A1-3BD0-4481-B8FE-258C30DD6D0F}.Debug|Any CPU.ActiveCfg = Debug|Any CPU
		{89AFA3A1-3BD0-4481-B8FE-258C30DD6D0F}.Debug|Any CPU.Build.0 = Debug|Any CPU
		{89AFA3A1-3BD0-4481-B8FE-258C30DD6D0F}.Release|Any CPU.ActiveCfg = Release|Any CPU
		{89AFA3A1-3BD0-4481-B8FE-258C30DD6D0F}.Release|Any CPU.Build.0 = Release|Any CPU
		{D3DB8CAA-9C77-45CE-8CA0-7BC6CD787083}.Debug|Any CPU.ActiveCfg = Debug|Any CPU
		{D3DB8CAA-9C77-45CE-8CA0-7BC6CD787083}.Debug|Any CPU.Build.0 = Debug|Any CPU
		{D3DB8CAA-9C77-45CE-8CA0-7BC6CD787083}.Release|Any CPU.ActiveCfg = Release|Any CPU
		{D3DB8CAA-9C77-45CE-8CA0-7BC6CD787083}.Release|Any CPU.Build.0 = Release|Any CPU
		{982F73D7-0F97-43E1-A20F-C652747CB479}.Debug|Any CPU.ActiveCfg = Debug|Any CPU
		{982F73D7-0F97-43E1-A20F-C652747CB479}.Debug|Any CPU.Build.0 = Debug|Any CPU
		{982F73D7-0F97-43E1-A20F-C652747CB479}.Release|Any CPU.ActiveCfg = Release|Any CPU
		{982F73D7-0F97-43E1-A20F-C652747CB479}.Release|Any CPU.Build.0 = Release|Any CPU
	EndGlobalSection
	GlobalSection(SolutionProperties) = preSolution
		HideSolutionNode = FALSE
	EndGlobalSection
EndGlobal
