
Microsoft Visual Studio Solution File, Format Version 12.00
# Visual Studio 14
VisualStudioVersion = 14.0.25420.1
MinimumVisualStudioVersion = 10.0.40219.1
Project("{FAE04EC0-301F-11D3-BF4B-00C04F79EFBC}") = "1. Day of Week", "1. Day of Week\1. Day of Week.csproj", "{7AB4D6E3-DCB7-46A6-B868-9F87C09D1096}"
EndProject
Project("{FAE04EC0-301F-11D3-BF4B-00C04F79EFBC}") = "2. Reverse an Array of Integers", "2. Reverse an Array of Integers\2. Reverse an Array of Integers.csproj", "{0843C15E-2C68-4D2E-AA60-94A02282D3AB}"
EndProject
Project("{FAE04EC0-301F-11D3-BF4B-00C04F79EFBC}") = "5. Rounding Numbers Away from Zero", "5. Rounding Numbers Away from Zero\5. Rounding Numbers Away from Zero.csproj", "{E5EC2C61-6143-4476-A9AA-2B1028F3E618}"
EndProject
Project("{FAE04EC0-301F-11D3-BF4B-00C04F79EFBC}") = "6. Reverse an Array of Strings", "6. Reverse an Array of Strings\6. Reverse an Array of Strings.csproj", "{B5BF434C-5459-413C-96EA-B9D43CFC4296}"
EndProject
Project("{FAE04EC0-301F-11D3-BF4B-00C04F79EFBC}") = "3. Last K Numbers Sums Sequence", "3. Last K Numbers Sums Sequence\3. Last K Numbers Sums Sequence.csproj", "{2EBFABE4-2BB5-4A0A-BD60-89CE6BE30BF5}"
EndProject
Project("{FAE04EC0-301F-11D3-BF4B-00C04F79EFBC}") = "4. Triple Sum", "4. Triple Sum\4. Triple Sum.csproj", "{928194A1-4F2D-401F-9E1D-99B364C7CC7D}"
EndProject
Project("{FAE04EC0-301F-11D3-BF4B-00C04F79EFBC}") = "7. Sum Arrays", "7. Sum Arrays\7. Sum Arrays.csproj", "{190B4C29-995C-4DB7-BA05-AD7EBFAEAC63}"
EndProject
Project("{FAE04EC0-301F-11D3-BF4B-00C04F79EFBC}") = "8. Condense Array to Number", "8. Condense Array to Number\8. Condense Array to Number.csproj", "{BA4197F7-979E-47CE-A855-09A4FD7424A0}"
EndProject
Project("{FAE04EC0-301F-11D3-BF4B-00C04F79EFBC}") = "9. Extract Middle 1, 2 or 3 Elements", "9. Extract Middle 1, 2 or 3 Elements\9. Extract Middle 1, 2 or 3 Elements.csproj", "{CFC60C4C-9697-431B-9113-1FE3B2529AFE}"
EndProject
Global
	GlobalSection(SolutionConfigurationPlatforms) = preSolution
		Debug|Any CPU = Debug|Any CPU
		Release|Any CPU = Release|Any CPU
	EndGlobalSection
	GlobalSection(ProjectConfigurationPlatforms) = postSolution
		{7AB4D6E3-DCB7-46A6-B868-9F87C09D1096}.Debug|Any CPU.ActiveCfg = Debug|Any CPU
		{7AB4D6E3-DCB7-46A6-B868-9F87C09D1096}.Debug|Any CPU.Build.0 = Debug|Any CPU
		{7AB4D6E3-DCB7-46A6-B868-9F87C09D1096}.Release|Any CPU.ActiveCfg = Release|Any CPU
		{7AB4D6E3-DCB7-46A6-B868-9F87C09D1096}.Release|Any CPU.Build.0 = Release|Any CPU
		{0843C15E-2C68-4D2E-AA60-94A02282D3AB}.Debug|Any CPU.ActiveCfg = Debug|Any CPU
		{0843C15E-2C68-4D2E-AA60-94A02282D3AB}.Debug|Any CPU.Build.0 = Debug|Any CPU
		{0843C15E-2C68-4D2E-AA60-94A02282D3AB}.Release|Any CPU.ActiveCfg = Release|Any CPU
		{0843C15E-2C68-4D2E-AA60-94A02282D3AB}.Release|Any CPU.Build.0 = Release|Any CPU
		{E5EC2C61-6143-4476-A9AA-2B1028F3E618}.Debug|Any CPU.ActiveCfg = Debug|Any CPU
		{E5EC2C61-6143-4476-A9AA-2B1028F3E618}.Debug|Any CPU.Build.0 = Debug|Any CPU
		{E5EC2C61-6143-4476-A9AA-2B1028F3E618}.Release|Any CPU.ActiveCfg = Release|Any CPU
		{E5EC2C61-6143-4476-A9AA-2B1028F3E618}.Release|Any CPU.Build.0 = Release|Any CPU
		{B5BF434C-5459-413C-96EA-B9D43CFC4296}.Debug|Any CPU.ActiveCfg = Debug|Any CPU
		{B5BF434C-5459-413C-96EA-B9D43CFC4296}.Debug|Any CPU.Build.0 = Debug|Any CPU
		{B5BF434C-5459-413C-96EA-B9D43CFC4296}.Release|Any CPU.ActiveCfg = Release|Any CPU
		{B5BF434C-5459-413C-96EA-B9D43CFC4296}.Release|Any CPU.Build.0 = Release|Any CPU
		{2EBFABE4-2BB5-4A0A-BD60-89CE6BE30BF5}.Debug|Any CPU.ActiveCfg = Debug|Any CPU
		{2EBFABE4-2BB5-4A0A-BD60-89CE6BE30BF5}.Debug|Any CPU.Build.0 = Debug|Any CPU
		{2EBFABE4-2BB5-4A0A-BD60-89CE6BE30BF5}.Release|Any CPU.ActiveCfg = Release|Any CPU
		{2EBFABE4-2BB5-4A0A-BD60-89CE6BE30BF5}.Release|Any CPU.Build.0 = Release|Any CPU
		{928194A1-4F2D-401F-9E1D-99B364C7CC7D}.Debug|Any CPU.ActiveCfg = Debug|Any CPU
		{928194A1-4F2D-401F-9E1D-99B364C7CC7D}.Debug|Any CPU.Build.0 = Debug|Any CPU
		{928194A1-4F2D-401F-9E1D-99B364C7CC7D}.Release|Any CPU.ActiveCfg = Release|Any CPU
		{928194A1-4F2D-401F-9E1D-99B364C7CC7D}.Release|Any CPU.Build.0 = Release|Any CPU
		{190B4C29-995C-4DB7-BA05-AD7EBFAEAC63}.Debug|Any CPU.ActiveCfg = Debug|Any CPU
		{190B4C29-995C-4DB7-BA05-AD7EBFAEAC63}.Debug|Any CPU.Build.0 = Debug|Any CPU
		{190B4C29-995C-4DB7-BA05-AD7EBFAEAC63}.Release|Any CPU.ActiveCfg = Release|Any CPU
		{190B4C29-995C-4DB7-BA05-AD7EBFAEAC63}.Release|Any CPU.Build.0 = Release|Any CPU
		{BA4197F7-979E-47CE-A855-09A4FD7424A0}.Debug|Any CPU.ActiveCfg = Debug|Any CPU
		{BA4197F7-979E-47CE-A855-09A4FD7424A0}.Debug|Any CPU.Build.0 = Debug|Any CPU
		{BA4197F7-979E-47CE-A855-09A4FD7424A0}.Release|Any CPU.ActiveCfg = Release|Any CPU
		{BA4197F7-979E-47CE-A855-09A4FD7424A0}.Release|Any CPU.Build.0 = Release|Any CPU
		{CFC60C4C-9697-431B-9113-1FE3B2529AFE}.Debug|Any CPU.ActiveCfg = Debug|Any CPU
		{CFC60C4C-9697-431B-9113-1FE3B2529AFE}.Debug|Any CPU.Build.0 = Debug|Any CPU
		{CFC60C4C-9697-431B-9113-1FE3B2529AFE}.Release|Any CPU.ActiveCfg = Release|Any CPU
		{CFC60C4C-9697-431B-9113-1FE3B2529AFE}.Release|Any CPU.Build.0 = Release|Any CPU
	EndGlobalSection
	GlobalSection(SolutionProperties) = preSolution
		HideSolutionNode = FALSE
	EndGlobalSection
EndGlobal
